
Microsoft Visual Studio Solution File, Format Version 12.00
# Visual Studio Version 17
VisualStudioVersion = 17.6.33829.357
MinimumVisualStudioVersion = 10.0.40219.1
Project("{FAE04EC0-301F-11D3-BF4B-00C04F79EFBC}") = "RgbConsole", "RgbConsole\RgbConsole.csproj", "{3B454DCB-10D5-4E29-A337-17CE04B84239}"
EndProject
Project("{FAE04EC0-301F-11D3-BF4B-00C04F79EFBC}") = "PastelEx", "PastelEx\PastelEx.csproj", "{86B9E890-F633-4832-BD78-27CA9CF19976}"
EndProject
Global
	GlobalSection(SolutionConfigurationPlatforms) = preSolution
		Debug|Any CPU = Debug|Any CPU
		Release|Any CPU = Release|Any CPU
	EndGlobalSection
	GlobalSection(ProjectConfigurationPlatforms) = postSolution
		{3B454DCB-10D5-4E29-A337-17CE04B84239}.Debug|Any CPU.ActiveCfg = Debug|Any CPU
		{3B454DCB-10D5-4E29-A337-17CE04B84239}.Debug|Any CPU.Build.0 = Debug|Any CPU
		{3B454DCB-10D5-4E29-A337-17CE04B84239}.Release|Any CPU.ActiveCfg = Release|Any CPU
		{3B454DCB-10D5-4E29-A337-17CE04B84239}.Release|Any CPU.Build.0 = Release|Any CPU
		{86B9E890-F633-4832-BD78-27CA9CF19976}.Debug|Any CPU.ActiveCfg = Debug|Any CPU
		{86B9E890-F633-4832-BD78-27CA9CF19976}.Debug|Any CPU.Build.0 = Debug|Any CPU
		{86B9E890-F633-4832-BD78-27CA9CF19976}.Release|Any CPU.ActiveCfg = Release|Any CPU
		{86B9E890-F633-4832-BD78-27CA9CF19976}.Release|Any CPU.Build.0 = Release|Any CPU
	EndGlobalSection
	GlobalSection(SolutionProperties) = preSolution
		HideSolutionNode = FALSE
	EndGlobalSection
	GlobalSection(ExtensibilityGlobals) = postSolution
		SolutionGuid = {42F2CFE1-950F-4F5A-9E7A-212582892A8B}
	EndGlobalSection
EndGlobal
